{
  "nodes": {
    "catnerd": {
      "locked": {
        "lastModified": 1718352333,
        "narHash": "sha256-1wn8aidNdwK6TD0SZHAipn2J9PDbmatTgMlrvKErDSg=",
        "owner": "MoxyFoxy",
        "repo": "catnerd",
        "rev": "e33396df260bb2470c6ccf65724e55ec9c61cf11",
        "type": "github"
      },
      "original": {
        "owner": "MoxyFoxy",
        "repo": "catnerd",
        "type": "github"
      }
    },
    "firefox-addons": {
      "inputs": {
        "flake-utils": "flake-utils",
        "nixpkgs": "nixpkgs"
      },
      "locked": {
        "dir": "pkgs/firefox-addons",
        "lastModified": 1718337800,
        "narHash": "sha256-Azz2lg6WsfT4SDMTA3DtJ6hS7kox3e0buSrV4J+zMAQ=",
        "owner": "rycee",
        "repo": "nur-expressions",
        "rev": "aaf15fa3ed60109af8aad4cbb19c1fe28b4476ad",
        "type": "gitlab"
      },
      "original": {
        "dir": "pkgs/firefox-addons",
        "owner": "rycee",
        "repo": "nur-expressions",
        "type": "gitlab"
      }
    },
    "flake-utils": {
      "locked": {
        "lastModified": 1629284811,
        "narHash": "sha256-JHgasjPR0/J1J3DRm4KxM4zTyAj4IOJY8vIl75v/kPI=",
        "owner": "numtide",
        "repo": "flake-utils",
        "rev": "c5d161cc0af116a2e17f54316f0bf43f0819785c",
        "type": "github"
      },
      "original": {
        "owner": "numtide",
        "repo": "flake-utils",
        "type": "github"
      }
    },
    "home-manager": {
      "inputs": {
        "nixpkgs": [
          "nixpkgs"
        ]
      },
      "locked": {
        "lastModified": 1718243258,
        "narHash": "sha256-abBpj2VU8p6qlRzTU8o22q68MmOaZ4v8zZ4UlYl5YRU=",
        "owner": "nix-community",
        "repo": "home-manager",
        "rev": "8d5e27b4807d25308dfe369d5a923d87e7dbfda3",
        "type": "github"
      },
      "original": {
        "owner": "nix-community",
        "repo": "home-manager",
        "type": "github"
      }
    },
    "nixpkgs": {
      "locked": {
        "lastModified": 1627814220,
        "narHash": "sha256-P+MDgdZw2CBk9X1ZZaUgHgN+32pTfLFf3XVIBOXirI4=",
        "owner": "nixos",
        "repo": "nixpkgs",
        "rev": "ab5b6828af26215bf2646c31961da5d3749591ef",
        "type": "github"
      },
      "original": {
        "owner": "nixos",
        "ref": "nixpkgs-unstable",
        "repo": "nixpkgs",
        "type": "github"
      }
    },
    "nixpkgs_2": {
      "locked": {
        "lastModified": 1718160348,
        "narHash": "sha256-9YrUjdztqi4Gz8n3mBuqvCkMo4ojrA6nASwyIKWMpus=",
        "owner": "nixos",
        "repo": "nixpkgs",
        "rev": "57d6973abba7ea108bac64ae7629e7431e0199b6",
        "type": "github"
      },
      "original": {
        "owner": "nixos",
        "ref": "nixos-unstable",
        "repo": "nixpkgs",
        "type": "github"
      }
    },
    "plasma-manager": {
      "inputs": {
        "home-manager": [
          "home-manager"
        ],
        "nixpkgs": [
          "nixpkgs"
        ]
      },
      "locked": {
        "lastModified": 1718299582,
        "narHash": "sha256-XHncuv56N++i4la5n3lH2P8dz8kOCvOdbNFT2p8SnHI=",
        "owner": "pjones",
        "repo": "plasma-manager",
        "rev": "4d5b25e9281e466bf7e190f9107a28189300d9bb",
        "type": "github"
      },
      "original": {
        "owner": "pjones",
        "repo": "plasma-manager",
        "type": "github"
      }
    },
    "root": {
      "inputs": {
        "catnerd": "catnerd",
        "firefox-addons": "firefox-addons",
        "home-manager": "home-manager",
        "nixpkgs": "nixpkgs_2",
        "plasma-manager": "plasma-manager"
      }
    }
  },
  "root": "root",
  "version": 7
}
