{
  "nodes": {
    "catnerd": {
      "locked": {
        "lastModified": 1716997466,
        "narHash": "sha256-7Hhmhk0/j4Eg0KDkryU6M/6yZbwXj8Moqa3VM7K8K5s=",
        "owner": "ElliottSullingeFarrall",
        "repo": "catnerd",
        "rev": "e68c550a9470110df42aad12f1d155e4fe2a41ac",
        "type": "github"
      },
      "original": {
        "owner": "ElliottSullingeFarrall",
        "repo": "catnerd",
        "type": "github"
      }
    },
    "firefox-addons": {
      "inputs": {
        "flake-utils": "flake-utils",
        "nixpkgs": "nixpkgs"
      },
      "locked": {
        "dir": "pkgs/firefox-addons",
        "lastModified": 1718078599,
        "narHash": "sha256-M9mpMKEkbUlABh5oWPfECo3fxkNICUDnZtS5nRUcLas=",
        "owner": "rycee",
        "repo": "nur-expressions",
        "rev": "ae1539401cb36215599e079ee3d41c50895c4307",
        "type": "gitlab"
      },
      "original": {
        "dir": "pkgs/firefox-addons",
        "owner": "rycee",
        "repo": "nur-expressions",
        "type": "gitlab"
      }
    },
    "flake-utils": {
      "locked": {
        "lastModified": 1629284811,
        "narHash": "sha256-JHgasjPR0/J1J3DRm4KxM4zTyAj4IOJY8vIl75v/kPI=",
        "owner": "numtide",
        "repo": "flake-utils",
        "rev": "c5d161cc0af116a2e17f54316f0bf43f0819785c",
        "type": "github"
      },
      "original": {
        "owner": "numtide",
        "repo": "flake-utils",
        "type": "github"
      }
    },
    "home-manager": {
      "inputs": {
        "nixpkgs": [
          "nixpkgs"
        ]
      },
      "locked": {
        "lastModified": 1717931644,
        "narHash": "sha256-Sz8Wh9cAiD5FhL8UWvZxBfnvxETSCVZlqWSYWaCPyu0=",
        "owner": "nix-community",
        "repo": "home-manager",
        "rev": "3d65009effd77cb0d6e7520b68b039836a7606cf",
        "type": "github"
      },
      "original": {
        "owner": "nix-community",
        "repo": "home-manager",
        "type": "github"
      }
    },
    "nixpkgs": {
      "locked": {
        "lastModified": 1718149104,
        "narHash": "sha256-Ds1QpobBX2yoUDx9ZruqVGJ/uQPgcXoYuobBguyKEh8=",
        "owner": "nixos",
        "repo": "nixpkgs",
        "rev": "e913ae340076bbb73d9f4d3d065c2bca7caafb16",
        "type": "github"
      },
      "original": {
        "owner": "nixos",
        "ref": "nixpkgs-unstable",
        "repo": "nixpkgs",
        "type": "github"
      }
    },
    "nixpkgs_2": {
      "locked": {
        "lastModified": 1717974879,
        "narHash": "sha256-GTO3C88+5DX171F/gVS3Qga/hOs/eRMxPFpiHq2t+D8=",
        "owner": "nixos",
        "repo": "nixpkgs",
        "rev": "c7b821ba2e1e635ba5a76d299af62821cbcb09f3",
        "type": "github"
      },
      "original": {
        "owner": "nixos",
        "ref": "nixos-unstable",
        "repo": "nixpkgs",
        "type": "github"
      }
    },
    "plasma-manager": {
      "inputs": {
        "home-manager": [
          "home-manager"
        ],
        "nixpkgs": [
          "nixpkgs"
        ]
      },
      "locked": {
        "lastModified": 1718299582,
        "narHash": "sha256-XHncuv56N++i4la5n3lH2P8dz8kOCvOdbNFT2p8SnHI=",
        "owner": "pjones",
        "repo": "plasma-manager",
        "rev": "4d5b25e9281e466bf7e190f9107a28189300d9bb",
        "type": "github"
      },
      "original": {
        "owner": "pjones",
        "repo": "plasma-manager",
        "type": "github"
      }
    },
    "root": {
      "inputs": {
        "catnerd": "catnerd",
        "firefox-addons": "firefox-addons",
        "home-manager": "home-manager",
        "nixpkgs": "nixpkgs_2",
        "plasma-manager": "plasma-manager"
      }
    }
  },
  "root": "root",
  "version": 7
}
